{
  "version": "v1",
  "packages": {
    "mendix-hybrid-app-base": {
<<<<<<< HEAD
      "signature": "89992b03e5040482a25afb178ab2142d",
=======
      "signature": "6b1690d29d2b6130fc1a645bfe6a896d",
>>>>>>> b68100bc5564c7511eb485f5736ef18ddf4ab565
      "file": true,
      "replaced": "^2.0.0"
    }
  }
}